// !$*UTF8*$!
{
	archiveVersion = 1;
	classes = {
	};
	objectVersion = 56;
	objects = {

/* Begin PBXBuildFile section */
		4D2F529B2AC507FA006C3768 /* ResponseDTO.swift in Sources */ = {isa = PBXBuildFile; fileRef = 4D2F529A2AC507FA006C3768 /* ResponseDTO.swift */; };
		4D2F529D2AC5080A006C3768 /* AppInfoDTO.swift in Sources */ = {isa = PBXBuildFile; fileRef = 4D2F529C2AC5080A006C3768 /* AppInfoDTO.swift */; };
		4D2F52A22AC5091E006C3768 /* APIConfiguration.swift in Sources */ = {isa = PBXBuildFile; fileRef = 4D2F52A12AC5091E006C3768 /* APIConfiguration.swift */; };
		4D2F52A62AC509A8006C3768 /* APIRequestProtocol.swift in Sources */ = {isa = PBXBuildFile; fileRef = 4D2F52A52AC509A8006C3768 /* APIRequestProtocol.swift */; };
		4D2F52A92AC50A1B006C3768 /* NetworkManagerProtocol.swift in Sources */ = {isa = PBXBuildFile; fileRef = 4D2F52A82AC50A1B006C3768 /* NetworkManagerProtocol.swift */; };
		4D2F52AB2AC50AAC006C3768 /* AppStoreRequest.swift in Sources */ = {isa = PBXBuildFile; fileRef = 4D2F52AA2AC50AAC006C3768 /* AppStoreRequest.swift */; };
		4DD442B92AC313BA0013E5FE /* iOS_AppStoreSearchApp.swift in Sources */ = {isa = PBXBuildFile; fileRef = 4DD442B82AC313BA0013E5FE /* iOS_AppStoreSearchApp.swift */; };
		4DD442BB2AC313BA0013E5FE /* ContentView.swift in Sources */ = {isa = PBXBuildFile; fileRef = 4DD442BA2AC313BA0013E5FE /* ContentView.swift */; };
		4DD442BD2AC313BB0013E5FE /* Assets.xcassets in Resources */ = {isa = PBXBuildFile; fileRef = 4DD442BC2AC313BB0013E5FE /* Assets.xcassets */; };
		4DD442C02AC313BB0013E5FE /* Preview Assets.xcassets in Resources */ = {isa = PBXBuildFile; fileRef = 4DD442BF2AC313BB0013E5FE /* Preview Assets.xcassets */; };
/* End PBXBuildFile section */

/* Begin PBXFileReference section */
		4D2F529A2AC507FA006C3768 /* ResponseDTO.swift */ = {isa = PBXFileReference; lastKnownFileType = sourcecode.swift; path = ResponseDTO.swift; sourceTree = "<group>"; };
		4D2F529C2AC5080A006C3768 /* AppInfoDTO.swift */ = {isa = PBXFileReference; lastKnownFileType = sourcecode.swift; path = AppInfoDTO.swift; sourceTree = "<group>"; };
		4D2F52A12AC5091E006C3768 /* APIConfiguration.swift */ = {isa = PBXFileReference; lastKnownFileType = sourcecode.swift; path = APIConfiguration.swift; sourceTree = "<group>"; };
		4D2F52A52AC509A8006C3768 /* APIRequestProtocol.swift */ = {isa = PBXFileReference; lastKnownFileType = sourcecode.swift; path = APIRequestProtocol.swift; sourceTree = "<group>"; };
		4D2F52A82AC50A1B006C3768 /* NetworkManagerProtocol.swift */ = {isa = PBXFileReference; lastKnownFileType = sourcecode.swift; path = NetworkManagerProtocol.swift; sourceTree = "<group>"; };
		4D2F52AA2AC50AAC006C3768 /* AppStoreRequest.swift */ = {isa = PBXFileReference; lastKnownFileType = sourcecode.swift; path = AppStoreRequest.swift; sourceTree = "<group>"; };
		4DD442B52AC313BA0013E5FE /* iOS-AppStoreSearch.app */ = {isa = PBXFileReference; explicitFileType = wrapper.application; includeInIndex = 0; path = "iOS-AppStoreSearch.app"; sourceTree = BUILT_PRODUCTS_DIR; };
		4DD442B82AC313BA0013E5FE /* iOS_AppStoreSearchApp.swift */ = {isa = PBXFileReference; lastKnownFileType = sourcecode.swift; path = iOS_AppStoreSearchApp.swift; sourceTree = "<group>"; };
		4DD442BA2AC313BA0013E5FE /* ContentView.swift */ = {isa = PBXFileReference; lastKnownFileType = sourcecode.swift; path = ContentView.swift; sourceTree = "<group>"; };
		4DD442BC2AC313BB0013E5FE /* Assets.xcassets */ = {isa = PBXFileReference; lastKnownFileType = folder.assetcatalog; path = Assets.xcassets; sourceTree = "<group>"; };
		4DD442BF2AC313BB0013E5FE /* Preview Assets.xcassets */ = {isa = PBXFileReference; lastKnownFileType = folder.assetcatalog; path = "Preview Assets.xcassets"; sourceTree = "<group>"; };
/* End PBXFileReference section */

/* Begin PBXFrameworksBuildPhase section */
		4DD442B22AC313BA0013E5FE /* Frameworks */ = {
			isa = PBXFrameworksBuildPhase;
			buildActionMask = 2147483647;
			files = (
			);
			runOnlyForDeploymentPostprocessing = 0;
		};
/* End PBXFrameworksBuildPhase section */

/* Begin PBXGroup section */
		4D2F52942AC50397006C3768 /* Resource */ = {
			isa = PBXGroup;
			children = (
				4DD442BC2AC313BB0013E5FE /* Assets.xcassets */,
			);
			path = Resource;
			sourceTree = "<group>";
		};
		4D2F52952AC503A1006C3768 /* Source */ = {
			isa = PBXGroup;
			children = (
				4D2F52962AC503B1006C3768 /* Application */,
				4DD442BA2AC313BA0013E5FE /* ContentView.swift */,
				4D2F52972AC50776006C3768 /* InfraStructure */,
			);
			path = Source;
			sourceTree = "<group>";
		};
		4D2F52962AC503B1006C3768 /* Application */ = {
			isa = PBXGroup;
			children = (
				4DD442B82AC313BA0013E5FE /* iOS_AppStoreSearchApp.swift */,
			);
			path = Application;
			sourceTree = "<group>";
		};
		4D2F52972AC50776006C3768 /* InfraStructure */ = {
			isa = PBXGroup;
			children = (
				4D2F52982AC50787006C3768 /* Network */,
			);
			path = InfraStructure;
			sourceTree = "<group>";
		};
		4D2F52982AC50787006C3768 /* Network */ = {
			isa = PBXGroup;
			children = (
				4D2F52A42AC50995006C3768 /* Protocol */,
				4D2F52992AC507D5006C3768 /* DTO */,
				4D2F52A12AC5091E006C3768 /* APIConfiguration.swift */,
				4D2F52AA2AC50AAC006C3768 /* AppStoreRequest.swift */,
			);
			path = Network;
			sourceTree = "<group>";
		};
		4D2F52992AC507D5006C3768 /* DTO */ = {
			isa = PBXGroup;
			children = (
				4D2F529A2AC507FA006C3768 /* ResponseDTO.swift */,
				4D2F529C2AC5080A006C3768 /* AppInfoDTO.swift */,
			);
			path = DTO;
			sourceTree = "<group>";
		};
		4D2F52A42AC50995006C3768 /* Protocol */ = {
			isa = PBXGroup;
			children = (
				4D2F52A52AC509A8006C3768 /* APIRequestProtocol.swift */,
				4D2F52A82AC50A1B006C3768 /* NetworkManagerProtocol.swift */,
			);
			path = Protocol;
			sourceTree = "<group>";
		};
		4DD442AC2AC313BA0013E5FE = {
			isa = PBXGroup;
			children = (
				4DD442B72AC313BA0013E5FE /* iOS-AppStoreSearch */,
				4DD442B62AC313BA0013E5FE /* Products */,
			);
			sourceTree = "<group>";
		};
		4DD442B62AC313BA0013E5FE /* Products */ = {
			isa = PBXGroup;
			children = (
				4DD442B52AC313BA0013E5FE /* iOS-AppStoreSearch.app */,
			);
			name = Products;
			sourceTree = "<group>";
		};
		4DD442B72AC313BA0013E5FE /* iOS-AppStoreSearch */ = {
			isa = PBXGroup;
			children = (
				4D2F52952AC503A1006C3768 /* Source */,
				4D2F52942AC50397006C3768 /* Resource */,
				4DD442BE2AC313BB0013E5FE /* Preview Content */,
			);
			path = "iOS-AppStoreSearch";
			sourceTree = "<group>";
		};
		4DD442BE2AC313BB0013E5FE /* Preview Content */ = {
			isa = PBXGroup;
			children = (
				4DD442BF2AC313BB0013E5FE /* Preview Assets.xcassets */,
			);
			path = "Preview Content";
			sourceTree = "<group>";
		};
/* End PBXGroup section */

/* Begin PBXNativeTarget section */
		4DD442B42AC313BA0013E5FE /* iOS-AppStoreSearch */ = {
			isa = PBXNativeTarget;
			buildConfigurationList = 4DD442C32AC313BB0013E5FE /* Build configuration list for PBXNativeTarget "iOS-AppStoreSearch" */;
			buildPhases = (
				4DD442B12AC313BA0013E5FE /* Sources */,
				4DD442B22AC313BA0013E5FE /* Frameworks */,
				4DD442B32AC313BA0013E5FE /* Resources */,
			);
			buildRules = (
			);
			dependencies = (
			);
			name = "iOS-AppStoreSearch";
			productName = "iOS-AppStoreSearch";
			productReference = 4DD442B52AC313BA0013E5FE /* iOS-AppStoreSearch.app */;
			productType = "com.apple.product-type.application";
		};
/* End PBXNativeTarget section */

/* Begin PBXProject section */
		4DD442AD2AC313BA0013E5FE /* Project object */ = {
			isa = PBXProject;
			attributes = {
				BuildIndependentTargetsInParallel = 1;
				LastSwiftUpdateCheck = 1430;
				LastUpgradeCheck = 1430;
				TargetAttributes = {
					4DD442B42AC313BA0013E5FE = {
						CreatedOnToolsVersion = 14.3.1;
					};
				};
			};
			buildConfigurationList = 4DD442B02AC313BA0013E5FE /* Build configuration list for PBXProject "iOS-AppStoreSearch" */;
			compatibilityVersion = "Xcode 14.0";
			developmentRegion = en;
			hasScannedForEncodings = 0;
			knownRegions = (
				en,
				Base,
			);
			mainGroup = 4DD442AC2AC313BA0013E5FE;
			productRefGroup = 4DD442B62AC313BA0013E5FE /* Products */;
			projectDirPath = "";
			projectRoot = "";
			targets = (
				4DD442B42AC313BA0013E5FE /* iOS-AppStoreSearch */,
			);
		};
/* End PBXProject section */

/* Begin PBXResourcesBuildPhase section */
		4DD442B32AC313BA0013E5FE /* Resources */ = {
			isa = PBXResourcesBuildPhase;
			buildActionMask = 2147483647;
			files = (
				4DD442C02AC313BB0013E5FE /* Preview Assets.xcassets in Resources */,
				4DD442BD2AC313BB0013E5FE /* Assets.xcassets in Resources */,
			);
			runOnlyForDeploymentPostprocessing = 0;
		};
/* End PBXResourcesBuildPhase section */

/* Begin PBXSourcesBuildPhase section */
		4DD442B12AC313BA0013E5FE /* Sources */ = {
			isa = PBXSourcesBuildPhase;
			buildActionMask = 2147483647;
			files = (
				4DD442BB2AC313BA0013E5FE /* ContentView.swift in Sources */,
				4DD442B92AC313BA0013E5FE /* iOS_AppStoreSearchApp.swift in Sources */,
				4D2F52A92AC50A1B006C3768 /* NetworkManagerProtocol.swift in Sources */,
				4D2F52A22AC5091E006C3768 /* APIConfiguration.swift in Sources */,
				4D2F529B2AC507FA006C3768 /* ResponseDTO.swift in Sources */,
				4D2F52A62AC509A8006C3768 /* APIRequestProtocol.swift in Sources */,
				4D2F529D2AC5080A006C3768 /* AppInfoDTO.swift in Sources */,
				4D2F52AB2AC50AAC006C3768 /* AppStoreRequest.swift in Sources */,
			);
			runOnlyForDeploymentPostprocessing = 0;
		};
/* End PBXSourcesBuildPhase section */

/* Begin XCBuildConfiguration section */
		4DD442C12AC313BB0013E5FE /* Debug */ = {
			isa = XCBuildConfiguration;
			buildSettings = {
				ALWAYS_SEARCH_USER_PATHS = NO;
				CLANG_ANALYZER_NONNULL = YES;
				CLANG_ANALYZER_NUMBER_OBJECT_CONVERSION = YES_AGGRESSIVE;
				CLANG_CXX_LANGUAGE_STANDARD = "gnu++20";
				CLANG_ENABLE_MODULES = YES;
				CLANG_ENABLE_OBJC_ARC = YES;
				CLANG_ENABLE_OBJC_WEAK = YES;
				CLANG_WARN_BLOCK_CAPTURE_AUTORELEASING = YES;
				CLANG_WARN_BOOL_CONVERSION = YES;
				CLANG_WARN_COMMA = YES;
				CLANG_WARN_CONSTANT_CONVERSION = YES;
				CLANG_WARN_DEPRECATED_OBJC_IMPLEMENTATIONS = YES;
				CLANG_WARN_DIRECT_OBJC_ISA_USAGE = YES_ERROR;
				CLANG_WARN_DOCUMENTATION_COMMENTS = YES;
				CLANG_WARN_EMPTY_BODY = YES;
				CLANG_WARN_ENUM_CONVERSION = YES;
				CLANG_WARN_INFINITE_RECURSION = YES;
				CLANG_WARN_INT_CONVERSION = YES;
				CLANG_WARN_NON_LITERAL_NULL_CONVERSION = YES;
				CLANG_WARN_OBJC_IMPLICIT_RETAIN_SELF = YES;
				CLANG_WARN_OBJC_LITERAL_CONVERSION = YES;
				CLANG_WARN_OBJC_ROOT_CLASS = YES_ERROR;
				CLANG_WARN_QUOTED_INCLUDE_IN_FRAMEWORK_HEADER = YES;
				CLANG_WARN_RANGE_LOOP_ANALYSIS = YES;
				CLANG_WARN_STRICT_PROTOTYPES = YES;
				CLANG_WARN_SUSPICIOUS_MOVE = YES;
				CLANG_WARN_UNGUARDED_AVAILABILITY = YES_AGGRESSIVE;
				CLANG_WARN_UNREACHABLE_CODE = YES;
				CLANG_WARN__DUPLICATE_METHOD_MATCH = YES;
				COPY_PHASE_STRIP = NO;
				DEBUG_INFORMATION_FORMAT = dwarf;
				ENABLE_STRICT_OBJC_MSGSEND = YES;
				ENABLE_TESTABILITY = YES;
				GCC_C_LANGUAGE_STANDARD = gnu11;
				GCC_DYNAMIC_NO_PIC = NO;
				GCC_NO_COMMON_BLOCKS = YES;
				GCC_OPTIMIZATION_LEVEL = 0;
				GCC_PREPROCESSOR_DEFINITIONS = (
					"DEBUG=1",
					"$(inherited)",
				);
				GCC_WARN_64_TO_32_BIT_CONVERSION = YES;
				GCC_WARN_ABOUT_RETURN_TYPE = YES_ERROR;
				GCC_WARN_UNDECLARED_SELECTOR = YES;
				GCC_WARN_UNINITIALIZED_AUTOS = YES_AGGRESSIVE;
				GCC_WARN_UNUSED_FUNCTION = YES;
				GCC_WARN_UNUSED_VARIABLE = YES;
				IPHONEOS_DEPLOYMENT_TARGET = 16.4;
				MTL_ENABLE_DEBUG_INFO = INCLUDE_SOURCE;
				MTL_FAST_MATH = YES;
				ONLY_ACTIVE_ARCH = YES;
				SDKROOT = iphoneos;
				SWIFT_ACTIVE_COMPILATION_CONDITIONS = DEBUG;
				SWIFT_OPTIMIZATION_LEVEL = "-Onone";
			};
			name = Debug;
		};
		4DD442C22AC313BB0013E5FE /* Release */ = {
			isa = XCBuildConfiguration;
			buildSettings = {
				ALWAYS_SEARCH_USER_PATHS = NO;
				CLANG_ANALYZER_NONNULL = YES;
				CLANG_ANALYZER_NUMBER_OBJECT_CONVERSION = YES_AGGRESSIVE;
				CLANG_CXX_LANGUAGE_STANDARD = "gnu++20";
				CLANG_ENABLE_MODULES = YES;
				CLANG_ENABLE_OBJC_ARC = YES;
				CLANG_ENABLE_OBJC_WEAK = YES;
				CLANG_WARN_BLOCK_CAPTURE_AUTORELEASING = YES;
				CLANG_WARN_BOOL_CONVERSION = YES;
				CLANG_WARN_COMMA = YES;
				CLANG_WARN_CONSTANT_CONVERSION = YES;
				CLANG_WARN_DEPRECATED_OBJC_IMPLEMENTATIONS = YES;
				CLANG_WARN_DIRECT_OBJC_ISA_USAGE = YES_ERROR;
				CLANG_WARN_DOCUMENTATION_COMMENTS = YES;
				CLANG_WARN_EMPTY_BODY = YES;
				CLANG_WARN_ENUM_CONVERSION = YES;
				CLANG_WARN_INFINITE_RECURSION = YES;
				CLANG_WARN_INT_CONVERSION = YES;
				CLANG_WARN_NON_LITERAL_NULL_CONVERSION = YES;
				CLANG_WARN_OBJC_IMPLICIT_RETAIN_SELF = YES;
				CLANG_WARN_OBJC_LITERAL_CONVERSION = YES;
				CLANG_WARN_OBJC_ROOT_CLASS = YES_ERROR;
				CLANG_WARN_QUOTED_INCLUDE_IN_FRAMEWORK_HEADER = YES;
				CLANG_WARN_RANGE_LOOP_ANALYSIS = YES;
				CLANG_WARN_STRICT_PROTOTYPES = YES;
				CLANG_WARN_SUSPICIOUS_MOVE = YES;
				CLANG_WARN_UNGUARDED_AVAILABILITY = YES_AGGRESSIVE;
				CLANG_WARN_UNREACHABLE_CODE = YES;
				CLANG_WARN__DUPLICATE_METHOD_MATCH = YES;
				COPY_PHASE_STRIP = NO;
				DEBUG_INFORMATION_FORMAT = "dwarf-with-dsym";
				ENABLE_NS_ASSERTIONS = NO;
				ENABLE_STRICT_OBJC_MSGSEND = YES;
				GCC_C_LANGUAGE_STANDARD = gnu11;
				GCC_NO_COMMON_BLOCKS = YES;
				GCC_WARN_64_TO_32_BIT_CONVERSION = YES;
				GCC_WARN_ABOUT_RETURN_TYPE = YES_ERROR;
				GCC_WARN_UNDECLARED_SELECTOR = YES;
				GCC_WARN_UNINITIALIZED_AUTOS = YES_AGGRESSIVE;
				GCC_WARN_UNUSED_FUNCTION = YES;
				GCC_WARN_UNUSED_VARIABLE = YES;
				IPHONEOS_DEPLOYMENT_TARGET = 16.4;
				MTL_ENABLE_DEBUG_INFO = NO;
				MTL_FAST_MATH = YES;
				SDKROOT = iphoneos;
				SWIFT_COMPILATION_MODE = wholemodule;
				SWIFT_OPTIMIZATION_LEVEL = "-O";
				VALIDATE_PRODUCT = YES;
			};
			name = Release;
		};
		4DD442C42AC313BB0013E5FE /* Debug */ = {
			isa = XCBuildConfiguration;
			buildSettings = {
				ASSETCATALOG_COMPILER_APPICON_NAME = AppIcon;
				ASSETCATALOG_COMPILER_GLOBAL_ACCENT_COLOR_NAME = AccentColor;
				CODE_SIGN_STYLE = Automatic;
				CURRENT_PROJECT_VERSION = 1;
				DEVELOPMENT_ASSET_PATHS = "\"iOS-AppStoreSearch/Preview Content\"";
				ENABLE_PREVIEWS = YES;
				GENERATE_INFOPLIST_FILE = YES;
				INFOPLIST_KEY_UIApplicationSceneManifest_Generation = YES;
				INFOPLIST_KEY_UIApplicationSupportsIndirectInputEvents = YES;
				INFOPLIST_KEY_UILaunchScreen_Generation = YES;
				INFOPLIST_KEY_UISupportedInterfaceOrientations_iPad = "UIInterfaceOrientationPortrait UIInterfaceOrientationPortraitUpsideDown UIInterfaceOrientationLandscapeLeft UIInterfaceOrientationLandscapeRight";
				INFOPLIST_KEY_UISupportedInterfaceOrientations_iPhone = "UIInterfaceOrientationPortrait UIInterfaceOrientationLandscapeLeft UIInterfaceOrientationLandscapeRight";
				IPHONEOS_DEPLOYMENT_TARGET = 16.0;
				LD_RUNPATH_SEARCH_PATHS = (
					"$(inherited)",
					"@executable_path/Frameworks",
				);
				MARKETING_VERSION = 1.0;
				PRODUCT_BUNDLE_IDENTIFIER = "com.Kiwi.iOS-AppStoreSearch";
				PRODUCT_NAME = "$(TARGET_NAME)";
				SWIFT_EMIT_LOC_STRINGS = YES;
				SWIFT_VERSION = 5.0;
				TARGETED_DEVICE_FAMILY = "1,2";
			};
			name = Debug;
		};
		4DD442C52AC313BB0013E5FE /* Release */ = {
			isa = XCBuildConfiguration;
			buildSettings = {
				ASSETCATALOG_COMPILER_APPICON_NAME = AppIcon;
				ASSETCATALOG_COMPILER_GLOBAL_ACCENT_COLOR_NAME = AccentColor;
				CODE_SIGN_STYLE = Automatic;
				CURRENT_PROJECT_VERSION = 1;
				DEVELOPMENT_ASSET_PATHS = "\"iOS-AppStoreSearch/Preview Content\"";
				ENABLE_PREVIEWS = YES;
				GENERATE_INFOPLIST_FILE = YES;
				INFOPLIST_KEY_UIApplicationSceneManifest_Generation = YES;
				INFOPLIST_KEY_UIApplicationSupportsIndirectInputEvents = YES;
				INFOPLIST_KEY_UILaunchScreen_Generation = YES;
				INFOPLIST_KEY_UISupportedInterfaceOrientations_iPad = "UIInterfaceOrientationPortrait UIInterfaceOrientationPortraitUpsideDown UIInterfaceOrientationLandscapeLeft UIInterfaceOrientationLandscapeRight";
				INFOPLIST_KEY_UISupportedInterfaceOrientations_iPhone = "UIInterfaceOrientationPortrait UIInterfaceOrientationLandscapeLeft UIInterfaceOrientationLandscapeRight";
				IPHONEOS_DEPLOYMENT_TARGET = 16.0;
				LD_RUNPATH_SEARCH_PATHS = (
					"$(inherited)",
					"@executable_path/Frameworks",
				);
				MARKETING_VERSION = 1.0;
				PRODUCT_BUNDLE_IDENTIFIER = "com.Kiwi.iOS-AppStoreSearch";
				PRODUCT_NAME = "$(TARGET_NAME)";
				SWIFT_EMIT_LOC_STRINGS = YES;
				SWIFT_VERSION = 5.0;
				TARGETED_DEVICE_FAMILY = "1,2";
			};
			name = Release;
		};
/* End XCBuildConfiguration section */

/* Begin XCConfigurationList section */
		4DD442B02AC313BA0013E5FE /* Build configuration list for PBXProject "iOS-AppStoreSearch" */ = {
			isa = XCConfigurationList;
			buildConfigurations = (
				4DD442C12AC313BB0013E5FE /* Debug */,
				4DD442C22AC313BB0013E5FE /* Release */,
			);
			defaultConfigurationIsVisible = 0;
			defaultConfigurationName = Release;
		};
		4DD442C32AC313BB0013E5FE /* Build configuration list for PBXNativeTarget "iOS-AppStoreSearch" */ = {
			isa = XCConfigurationList;
			buildConfigurations = (
				4DD442C42AC313BB0013E5FE /* Debug */,
				4DD442C52AC313BB0013E5FE /* Release */,
			);
			defaultConfigurationIsVisible = 0;
			defaultConfigurationName = Release;
		};
/* End XCConfigurationList section */
	};
	rootObject = 4DD442AD2AC313BA0013E5FE /* Project object */;
}
